
Microsoft Visual Studio Solution File, Format Version 12.00
# Visual Studio Version 17
VisualStudioVersion = 17.3.32901.215
MinimumVisualStudioVersion = 10.0.40219.1
Project("{FAE04EC0-301F-11D3-BF4B-00C04F79EFBC}") = "Event", "Event\Event.csproj", "{8C32F1E5-DCA1-458A-8369-C16AF3E0FDCD}"
EndProject
Global
	GlobalSection(SolutionConfigurationPlatforms) = preSolution
		Debug|Any CPU = Debug|Any CPU
		Release|Any CPU = Release|Any CPU
	EndGlobalSection
	GlobalSection(ProjectConfigurationPlatforms) = postSolution
		{8C32F1E5-DCA1-458A-8369-C16AF3E0FDCD}.Debug|Any CPU.ActiveCfg = Debug|Any CPU
		{8C32F1E5-DCA1-458A-8369-C16AF3E0FDCD}.Debug|Any CPU.Build.0 = Debug|Any CPU
		{8C32F1E5-DCA1-458A-8369-C16AF3E0FDCD}.Release|Any CPU.ActiveCfg = Release|Any CPU
		{8C32F1E5-DCA1-458A-8369-C16AF3E0FDCD}.Release|Any CPU.Build.0 = Release|Any CPU
	EndGlobalSection
	GlobalSection(SolutionProperties) = preSolution
		HideSolutionNode = FALSE
	EndGlobalSection
	GlobalSection(ExtensibilityGlobals) = postSolution
		SolutionGuid = {8B177DA5-9437-425D-B0B3-87488AF37E77}
	EndGlobalSection
EndGlobal
