
Microsoft Visual Studio Solution File, Format Version 12.00
# Visual Studio Version 17
VisualStudioVersion = 17.3.32901.215
MinimumVisualStudioVersion = 10.0.40219.1
Project("{FAE04EC0-301F-11D3-BF4B-00C04F79EFBC}") = "AutomobileLibary", "AutomobileLibary\AutomobileLibary.csproj", "{B45DAF8D-F930-40AB-89E7-A67FDFF6BE27}"
EndProject
Project("{FAE04EC0-301F-11D3-BF4B-00C04F79EFBC}") = "AutomobileWPF", "AutomobileWPF\AutomobileWPF.csproj", "{BE731C5B-2A0E-4E34-A775-6FBF39AEBFA8}"
EndProject
Global
	GlobalSection(SolutionConfigurationPlatforms) = preSolution
		Debug|Any CPU = Debug|Any CPU
		Release|Any CPU = Release|Any CPU
	EndGlobalSection
	GlobalSection(ProjectConfigurationPlatforms) = postSolution
		{B45DAF8D-F930-40AB-89E7-A67FDFF6BE27}.Debug|Any CPU.ActiveCfg = Debug|Any CPU
		{B45DAF8D-F930-40AB-89E7-A67FDFF6BE27}.Debug|Any CPU.Build.0 = Debug|Any CPU
		{B45DAF8D-F930-40AB-89E7-A67FDFF6BE27}.Release|Any CPU.ActiveCfg = Release|Any CPU
		{B45DAF8D-F930-40AB-89E7-A67FDFF6BE27}.Release|Any CPU.Build.0 = Release|Any CPU
		{BE731C5B-2A0E-4E34-A775-6FBF39AEBFA8}.Debug|Any CPU.ActiveCfg = Debug|Any CPU
		{BE731C5B-2A0E-4E34-A775-6FBF39AEBFA8}.Debug|Any CPU.Build.0 = Debug|Any CPU
		{BE731C5B-2A0E-4E34-A775-6FBF39AEBFA8}.Release|Any CPU.ActiveCfg = Release|Any CPU
		{BE731C5B-2A0E-4E34-A775-6FBF39AEBFA8}.Release|Any CPU.Build.0 = Release|Any CPU
	EndGlobalSection
	GlobalSection(SolutionProperties) = preSolution
		HideSolutionNode = FALSE
	EndGlobalSection
	GlobalSection(ExtensibilityGlobals) = postSolution
		SolutionGuid = {91DA5182-55BF-4DAF-AA05-3246AA5AE472}
	EndGlobalSection
EndGlobal
