
Microsoft Visual Studio Solution File, Format Version 12.00
# Visual Studio Version 17
VisualStudioVersion = 17.3.32901.215
MinimumVisualStudioVersion = 10.0.40219.1
Project("{9A19103F-16F7-4668-BE54-9A1E7A4F7556}") = "MyWDPApp", "MyWDPApp.csproj", "{31F9436E-64DA-4B3C-91AB-87126BC2D03D}"
EndProject
Global
	GlobalSection(SolutionConfigurationPlatforms) = preSolution
		Debug|Any CPU = Debug|Any CPU
		Release|Any CPU = Release|Any CPU
	EndGlobalSection
	GlobalSection(ProjectConfigurationPlatforms) = postSolution
		{31F9436E-64DA-4B3C-91AB-87126BC2D03D}.Debug|Any CPU.ActiveCfg = Debug|Any CPU
		{31F9436E-64DA-4B3C-91AB-87126BC2D03D}.Debug|Any CPU.Build.0 = Debug|Any CPU
		{31F9436E-64DA-4B3C-91AB-87126BC2D03D}.Release|Any CPU.ActiveCfg = Release|Any CPU
		{31F9436E-64DA-4B3C-91AB-87126BC2D03D}.Release|Any CPU.Build.0 = Release|Any CPU
	EndGlobalSection
	GlobalSection(SolutionProperties) = preSolution
		HideSolutionNode = FALSE
	EndGlobalSection
	GlobalSection(ExtensibilityGlobals) = postSolution
		SolutionGuid = {79DFD7B2-A273-487F-BB52-6A1D9E26FBA4}
	EndGlobalSection
EndGlobal
