
Microsoft Visual Studio Solution File, Format Version 12.00
# Visual Studio Version 17
VisualStudioVersion = 17.3.32901.215
MinimumVisualStudioVersion = 10.0.40219.1
Project("{FAE04EC0-301F-11D3-BF4B-00C04F79EFBC}") = "Lab1", "Lab1\Lab1.csproj", "{4B645E32-6607-470F-9E3C-CCA2411009EB}"
EndProject
Global
	GlobalSection(SolutionConfigurationPlatforms) = preSolution
		Debug|Any CPU = Debug|Any CPU
		Release|Any CPU = Release|Any CPU
	EndGlobalSection
	GlobalSection(ProjectConfigurationPlatforms) = postSolution
		{4B645E32-6607-470F-9E3C-CCA2411009EB}.Debug|Any CPU.ActiveCfg = Debug|Any CPU
		{4B645E32-6607-470F-9E3C-CCA2411009EB}.Debug|Any CPU.Build.0 = Debug|Any CPU
		{4B645E32-6607-470F-9E3C-CCA2411009EB}.Release|Any CPU.ActiveCfg = Release|Any CPU
		{4B645E32-6607-470F-9E3C-CCA2411009EB}.Release|Any CPU.Build.0 = Release|Any CPU
	EndGlobalSection
	GlobalSection(SolutionProperties) = preSolution
		HideSolutionNode = FALSE
	EndGlobalSection
	GlobalSection(ExtensibilityGlobals) = postSolution
		SolutionGuid = {64C51CFB-B7E0-49C4-BAEC-6697436B728D}
	EndGlobalSection
EndGlobal
