
Microsoft Visual Studio Solution File, Format Version 12.00
# Visual Studio Version 17
VisualStudioVersion = 17.3.32819.101
MinimumVisualStudioVersion = 10.0.40219.1
Project("{FAE04EC0-301F-11D3-BF4B-00C04F79EFBC}") = "OOP", "OOP\OOP.csproj", "{A2B15875-BC27-42A5-AE4E-E1EC4876627A}"
EndProject
Global
	GlobalSection(SolutionConfigurationPlatforms) = preSolution
		Debug|Any CPU = Debug|Any CPU
		Release|Any CPU = Release|Any CPU
	EndGlobalSection
	GlobalSection(ProjectConfigurationPlatforms) = postSolution
		{A2B15875-BC27-42A5-AE4E-E1EC4876627A}.Debug|Any CPU.ActiveCfg = Debug|Any CPU
		{A2B15875-BC27-42A5-AE4E-E1EC4876627A}.Debug|Any CPU.Build.0 = Debug|Any CPU
		{A2B15875-BC27-42A5-AE4E-E1EC4876627A}.Release|Any CPU.ActiveCfg = Release|Any CPU
		{A2B15875-BC27-42A5-AE4E-E1EC4876627A}.Release|Any CPU.Build.0 = Release|Any CPU
	EndGlobalSection
	GlobalSection(SolutionProperties) = preSolution
		HideSolutionNode = FALSE
	EndGlobalSection
	GlobalSection(ExtensibilityGlobals) = postSolution
		SolutionGuid = {D866C02F-169C-40F0-BA90-536B0AC2CB1C}
	EndGlobalSection
EndGlobal
