
Microsoft Visual Studio Solution File, Format Version 12.00
# Visual Studio Version 17
VisualStudioVersion = 17.3.32901.215
MinimumVisualStudioVersion = 10.0.40219.1
Project("{FAE04EC0-301F-11D3-BF4B-00C04F79EFBC}") = "OOP3", "OOP3\OOP3.csproj", "{2C62082E-9585-4364-8195-0F805F2490A6}"
EndProject
Global
	GlobalSection(SolutionConfigurationPlatforms) = preSolution
		Debug|Any CPU = Debug|Any CPU
		Release|Any CPU = Release|Any CPU
	EndGlobalSection
	GlobalSection(ProjectConfigurationPlatforms) = postSolution
		{2C62082E-9585-4364-8195-0F805F2490A6}.Debug|Any CPU.ActiveCfg = Debug|Any CPU
		{2C62082E-9585-4364-8195-0F805F2490A6}.Debug|Any CPU.Build.0 = Debug|Any CPU
		{2C62082E-9585-4364-8195-0F805F2490A6}.Release|Any CPU.ActiveCfg = Release|Any CPU
		{2C62082E-9585-4364-8195-0F805F2490A6}.Release|Any CPU.Build.0 = Release|Any CPU
	EndGlobalSection
	GlobalSection(SolutionProperties) = preSolution
		HideSolutionNode = FALSE
	EndGlobalSection
	GlobalSection(ExtensibilityGlobals) = postSolution
		SolutionGuid = {902EC9F0-32A6-48A2-8441-A05DF635EC80}
	EndGlobalSection
EndGlobal
