
Microsoft Visual Studio Solution File, Format Version 12.00
# Visual Studio Version 17
VisualStudioVersion = 17.4.33110.190
MinimumVisualStudioVersion = 10.0.40219.1
Project("{9A19103F-16F7-4668-BE54-9A1E7A4F7556}") = "Demo.Module", "Demo.Module\Demo.Module.csproj", "{8BD1036A-B6A0-4617-8E90-91BC285AD411}"
EndProject
Project("{9A19103F-16F7-4668-BE54-9A1E7A4F7556}") = "Demo.WebApi", "Demo.WebApi\Demo.WebApi.csproj", "{53343623-0E89-49E3-A296-F97E2A5989A0}"
EndProject
Project("{9A19103F-16F7-4668-BE54-9A1E7A4F7556}") = "Demo.Win", "Demo.Win\Demo.Win.csproj", "{5FD20CDC-C9EB-47C9-BF0C-754223ED6785}"
EndProject
Project("{9A19103F-16F7-4668-BE54-9A1E7A4F7556}") = "Demo.Blazor.Server", "Demo.Blazor.Server\Demo.Blazor.Server.csproj", "{B1875991-8490-4B4C-B578-37DEF308CE24}"
EndProject
Global
	GlobalSection(SolutionConfigurationPlatforms) = preSolution
		Debug|Any CPU = Debug|Any CPU
		EasyTest|Any CPU = EasyTest|Any CPU
		Release|Any CPU = Release|Any CPU
	EndGlobalSection
	GlobalSection(ProjectConfigurationPlatforms) = postSolution
		{8BD1036A-B6A0-4617-8E90-91BC285AD411}.Debug|Any CPU.ActiveCfg = Debug|Any CPU
		{8BD1036A-B6A0-4617-8E90-91BC285AD411}.Debug|Any CPU.Build.0 = Debug|Any CPU
		{8BD1036A-B6A0-4617-8E90-91BC285AD411}.EasyTest|Any CPU.ActiveCfg = EasyTest|Any CPU
		{8BD1036A-B6A0-4617-8E90-91BC285AD411}.EasyTest|Any CPU.Build.0 = EasyTest|Any CPU
		{8BD1036A-B6A0-4617-8E90-91BC285AD411}.Release|Any CPU.ActiveCfg = Release|Any CPU
		{8BD1036A-B6A0-4617-8E90-91BC285AD411}.Release|Any CPU.Build.0 = Release|Any CPU
		{53343623-0E89-49E3-A296-F97E2A5989A0}.Debug|Any CPU.ActiveCfg = Debug|Any CPU
		{53343623-0E89-49E3-A296-F97E2A5989A0}.Debug|Any CPU.Build.0 = Debug|Any CPU
		{53343623-0E89-49E3-A296-F97E2A5989A0}.EasyTest|Any CPU.ActiveCfg = EasyTest|Any CPU
		{53343623-0E89-49E3-A296-F97E2A5989A0}.EasyTest|Any CPU.Build.0 = EasyTest|Any CPU
		{53343623-0E89-49E3-A296-F97E2A5989A0}.Release|Any CPU.ActiveCfg = Release|Any CPU
		{53343623-0E89-49E3-A296-F97E2A5989A0}.Release|Any CPU.Build.0 = Release|Any CPU
		{5FD20CDC-C9EB-47C9-BF0C-754223ED6785}.Debug|Any CPU.ActiveCfg = Debug|Any CPU
		{5FD20CDC-C9EB-47C9-BF0C-754223ED6785}.Debug|Any CPU.Build.0 = Debug|Any CPU
		{5FD20CDC-C9EB-47C9-BF0C-754223ED6785}.EasyTest|Any CPU.ActiveCfg = EasyTest|Any CPU
		{5FD20CDC-C9EB-47C9-BF0C-754223ED6785}.EasyTest|Any CPU.Build.0 = EasyTest|Any CPU
		{5FD20CDC-C9EB-47C9-BF0C-754223ED6785}.Release|Any CPU.ActiveCfg = Release|Any CPU
		{5FD20CDC-C9EB-47C9-BF0C-754223ED6785}.Release|Any CPU.Build.0 = Release|Any CPU
		{B1875991-8490-4B4C-B578-37DEF308CE24}.Debug|Any CPU.ActiveCfg = Debug|Any CPU
		{B1875991-8490-4B4C-B578-37DEF308CE24}.Debug|Any CPU.Build.0 = Debug|Any CPU
		{B1875991-8490-4B4C-B578-37DEF308CE24}.EasyTest|Any CPU.ActiveCfg = EasyTest|Any CPU
		{B1875991-8490-4B4C-B578-37DEF308CE24}.EasyTest|Any CPU.Build.0 = EasyTest|Any CPU
		{B1875991-8490-4B4C-B578-37DEF308CE24}.Release|Any CPU.ActiveCfg = Release|Any CPU
		{B1875991-8490-4B4C-B578-37DEF308CE24}.Release|Any CPU.Build.0 = Release|Any CPU
	EndGlobalSection
	GlobalSection(SolutionProperties) = preSolution
		HideSolutionNode = FALSE
	EndGlobalSection
	GlobalSection(ExtensibilityGlobals) = postSolution
		SolutionGuid = {10E5024F-83C7-451F-BBB9-9ED93EA9CD4F}
	EndGlobalSection
EndGlobal
