
Microsoft Visual Studio Solution File, Format Version 12.00
# Visual Studio Version 17
VisualStudioVersion = 17.3.32901.215
MinimumVisualStudioVersion = 10.0.40219.1
Project("{FAE04EC0-301F-11D3-BF4B-00C04F79EFBC}") = "LinQ", "LinQ\LinQ.csproj", "{B60AA963-EF58-4076-803F-C03B810C1109}"
EndProject
Global
	GlobalSection(SolutionConfigurationPlatforms) = preSolution
		Debug|Any CPU = Debug|Any CPU
		Release|Any CPU = Release|Any CPU
	EndGlobalSection
	GlobalSection(ProjectConfigurationPlatforms) = postSolution
		{B60AA963-EF58-4076-803F-C03B810C1109}.Debug|Any CPU.ActiveCfg = Debug|Any CPU
		{B60AA963-EF58-4076-803F-C03B810C1109}.Debug|Any CPU.Build.0 = Debug|Any CPU
		{B60AA963-EF58-4076-803F-C03B810C1109}.Release|Any CPU.ActiveCfg = Release|Any CPU
		{B60AA963-EF58-4076-803F-C03B810C1109}.Release|Any CPU.Build.0 = Release|Any CPU
	EndGlobalSection
	GlobalSection(SolutionProperties) = preSolution
		HideSolutionNode = FALSE
	EndGlobalSection
	GlobalSection(ExtensibilityGlobals) = postSolution
		SolutionGuid = {FD9C5BE1-51DE-4D6D-A561-1DB2E4D31029}
	EndGlobalSection
EndGlobal
