
Microsoft Visual Studio Solution File, Format Version 12.00
# Visual Studio Version 17
VisualStudioVersion = 17.3.32901.215
MinimumVisualStudioVersion = 10.0.40219.1
Project("{FAE04EC0-301F-11D3-BF4B-00C04F79EFBC}") = "UICuoiKi", "UICuoiKi\UICuoiKi.csproj", "{63E0F54A-A118-4934-8B76-0F37ECF6D836}"
EndProject
Global
	GlobalSection(SolutionConfigurationPlatforms) = preSolution
		Debug|Any CPU = Debug|Any CPU
		Release|Any CPU = Release|Any CPU
	EndGlobalSection
	GlobalSection(ProjectConfigurationPlatforms) = postSolution
		{63E0F54A-A118-4934-8B76-0F37ECF6D836}.Debug|Any CPU.ActiveCfg = Debug|Any CPU
		{63E0F54A-A118-4934-8B76-0F37ECF6D836}.Debug|Any CPU.Build.0 = Debug|Any CPU
		{63E0F54A-A118-4934-8B76-0F37ECF6D836}.Release|Any CPU.ActiveCfg = Release|Any CPU
		{63E0F54A-A118-4934-8B76-0F37ECF6D836}.Release|Any CPU.Build.0 = Release|Any CPU
	EndGlobalSection
	GlobalSection(SolutionProperties) = preSolution
		HideSolutionNode = FALSE
	EndGlobalSection
	GlobalSection(ExtensibilityGlobals) = postSolution
		SolutionGuid = {C904E33A-972E-4008-9EB4-78A75509F13B}
	EndGlobalSection
EndGlobal
